{
  "name": "Tabletopia",
  "lockfileVersion": 3,
  "requires": true,
  "packages": {
    "": {
      "dependencies": {
        "date-fns": "^4.1.0",
        "react-datepicker": "^8.7.0",
        "react-time-picker": "^8.0.2"
      }
    },
    "node_modules/@floating-ui/core": {
      "version": "1.7.3",
      "resolved": "https://registry.npmjs.org/@floating-ui/core/-/core-1.7.3.tgz",
      "integrity": "sha512-sGnvb5dmrJaKEZ+LDIpguvdX3bDlEllmv4/ClQ9awcmCZrlx5jQyyMWFM5kBI+EyNOCDDiKk8il0zeuX3Zlg/w==",
      "license": "MIT",
      "dependencies": {
        "@floating-ui/utils": "^0.2.10"
      }
    },
    "node_modules/@floating-ui/dom": {
      "version": "1.7.4",
      "resolved": "https://registry.npmjs.org/@floating-ui/dom/-/dom-1.7.4.tgz",
      "integrity": "sha512-OOchDgh4F2CchOX94cRVqhvy7b3AFb+/rQXyswmzmGakRfkMgoWVjfnLWkRirfLEfuD4ysVW16eXzwt3jHIzKA==",
      "license": "MIT",
      "dependencies": {
        "@floating-ui/core": "^1.7.3",
        "@floating-ui/utils": "^0.2.10"
      }
    },
    "node_modules/@floating-ui/react": {
      "version": "0.27.16",
      "resolved": "https://registry.npmjs.org/@floating-ui/react/-/react-0.27.16.tgz",
      "integrity": "sha512-9O8N4SeG2z++TSM8QA/KTeKFBVCNEz/AGS7gWPJf6KFRzmRWixFRnCnkPHRDwSVZW6QPDO6uT0P2SpWNKCc9/g==",
      "license": "MIT",
      "dependencies": {
        "@floating-ui/react-dom": "^2.1.6",
        "@floating-ui/utils": "^0.2.10",
        "tabbable": "^6.0.0"
      },
      "peerDependencies": {
        "react": ">=17.0.0",
        "react-dom": ">=17.0.0"
      }
    },
    "node_modules/@floating-ui/react-dom": {
      "version": "2.1.6",
      "resolved": "https://registry.npmjs.org/@floating-ui/react-dom/-/react-dom-2.1.6.tgz",
      "integrity": "sha512-4JX6rEatQEvlmgU80wZyq9RT96HZJa88q8hp0pBd+LrczeDI4o6uA2M+uvxngVHo4Ihr8uibXxH6+70zhAFrVw==",
      "license": "MIT",
      "dependencies": {
        "@floating-ui/dom": "^1.7.4"
      },
      "peerDependencies": {
        "react": ">=16.8.0",
        "react-dom": ">=16.8.0"
      }
    },
    "node_modules/@floating-ui/utils": {
      "version": "0.2.10",
      "resolved": "https://registry.npmjs.org/@floating-ui/utils/-/utils-0.2.10.tgz",
      "integrity": "sha512-aGTxbpbg8/b5JfU1HXSrbH3wXZuLPJcNEcZQFMxLs3oSzgtVu6nFPkbbGGUvBcUjKV2YyB9Wxxabo+HEH9tcRQ==",
      "license": "MIT"
    },
    "node_modules/@wojtekmaj/date-utils": {
      "version": "2.0.2",
      "resolved": "https://registry.npmjs.org/@wojtekmaj/date-utils/-/date-utils-2.0.2.tgz",
      "integrity": "sha512-Do66mSlSNifFFuo3l9gNKfRMSFi26CRuQMsDJuuKO/ekrDWuTTtE4ZQxoFCUOG+NgxnpSeBq/k5TY8ZseEzLpA==",
      "license": "MIT",
      "funding": {
        "url": "https://github.com/wojtekmaj/date-utils?sponsor=1"
      }
    },
    "node_modules/clsx": {
      "version": "2.1.1",
      "resolved": "https://registry.npmjs.org/clsx/-/clsx-2.1.1.tgz",
      "integrity": "sha512-eYm0QWBtUrBWZWG0d386OGAw16Z995PiOVo2B7bjWSbHedGl5e0ZWaq65kOGgUSNesEIDkB9ISbTg/JK9dhCZA==",
      "license": "MIT",
      "engines": {
        "node": ">=6"
      }
    },
    "node_modules/date-fns": {
      "version": "4.1.0",
      "resolved": "https://registry.npmjs.org/date-fns/-/date-fns-4.1.0.tgz",
      "integrity": "sha512-Ukq0owbQXxa/U3EGtsdVBkR1w7KOQ5gIBqdH2hkvknzZPYvBxb/aa6E8L7tmjFtkwZBu3UXBbjIgPo/Ez4xaNg==",
      "license": "MIT",
      "funding": {
        "type": "github",
        "url": "https://github.com/sponsors/kossnocorp"
      }
    },
    "node_modules/detect-element-overflow": {
      "version": "2.0.0",
      "resolved": "https://registry.npmjs.org/detect-element-overflow/-/detect-element-overflow-2.0.0.tgz",
      "integrity": "sha512-DETEHRGdIdQowMR1Fb5hG4WXUJhlLId/IRQgAi5GVqCnHwnb0SKf9V/teyEVDX0+iClPeOPiNvlE6fSiECz65w==",
      "license": "MIT",
      "funding": {
        "url": "https://github.com/wojtekmaj/detect-element-overflow?sponsor=1"
      }
    },
    "node_modules/get-user-locale": {
      "version": "3.0.0",
      "resolved": "https://registry.npmjs.org/get-user-locale/-/get-user-locale-3.0.0.tgz",
      "integrity": "sha512-iJfHSmdYV39UUBw7Jq6GJzeJxUr4U+S03qdhVuDsR9gCEnfbqLy9gYDJFBJQL1riqolFUKQvx36mEkp2iGgJ3g==",
      "license": "MIT",
      "dependencies": {
        "memoize": "^10.0.0"
      },
      "funding": {
        "url": "https://github.com/wojtekmaj/get-user-locale?sponsor=1"
      }
    },
    "node_modules/js-tokens": {
      "version": "4.0.0",
      "resolved": "https://registry.npmjs.org/js-tokens/-/js-tokens-4.0.0.tgz",
      "integrity": "sha512-RdJUflcE3cUzKiMqQgsCu06FPu9UdIJO0beYbPhHN4k6apgJtifcoCtT9bcxOpYBtpD2kCM6Sbzg4CausW/PKQ==",
      "license": "MIT"
    },
    "node_modules/loose-envify": {
      "version": "1.4.0",
      "resolved": "https://registry.npmjs.org/loose-envify/-/loose-envify-1.4.0.tgz",
      "integrity": "sha512-lyuxPGr/Wfhrlem2CL/UcnUc1zcqKAImBDzukY7Y5F/yQiNdko6+fRLevlw1HgMySw7f611UIY408EtxRSoK3Q==",
      "license": "MIT",
      "dependencies": {
        "js-tokens": "^3.0.0 || ^4.0.0"
      },
      "bin": {
        "loose-envify": "cli.js"
      }
    },
    "node_modules/make-event-props": {
      "version": "2.0.0",
      "resolved": "https://registry.npmjs.org/make-event-props/-/make-event-props-2.0.0.tgz",
      "integrity": "sha512-G/hncXrl4Qt7mauJEXSg3AcdYzmpkIITTNl5I+rH9sog5Yw0kK6vseJjCaPfOXqOqQuPUP89Rkhfz5kPS8ijtw==",
      "license": "MIT",
      "funding": {
        "url": "https://github.com/wojtekmaj/make-event-props?sponsor=1"
      }
    },
    "node_modules/memoize": {
      "version": "10.1.0",
      "resolved": "https://registry.npmjs.org/memoize/-/memoize-10.1.0.tgz",
      "integrity": "sha512-MMbFhJzh4Jlg/poq1si90XRlTZRDHVqdlz2mPyGJ6kqMpyHUyVpDd5gpFAvVehW64+RA1eKE9Yt8aSLY7w2Kgg==",
      "license": "MIT",
      "dependencies": {
        "mimic-function": "^5.0.1"
      },
      "engines": {
        "node": ">=18"
      },
      "funding": {
        "url": "https://github.com/sindresorhus/memoize?sponsor=1"
      }
    },
    "node_modules/mimic-function": {
      "version": "5.0.1",
      "resolved": "https://registry.npmjs.org/mimic-function/-/mimic-function-5.0.1.tgz",
      "integrity": "sha512-VP79XUPxV2CigYP3jWwAUFSku2aKqBH7uTAapFWCBqutsbmDo96KY5o8uh6U+/YSIn5OxJnXp73beVkpqMIGhA==",
      "license": "MIT",
      "engines": {
        "node": ">=18"
      },
      "funding": {
        "url": "https://github.com/sponsors/sindresorhus"
      }
    },
    "node_modules/react": {
      "version": "19.2.0",
      "resolved": "https://registry.npmjs.org/react/-/react-19.2.0.tgz",
      "integrity": "sha512-tmbWg6W31tQLeB5cdIBOicJDJRR2KzXsV7uSK9iNfLWQ5bIZfxuPEHp7M8wiHyHnn0DD1i7w3Zmin0FtkrwoCQ==",
      "license": "MIT",
      "peer": true,
      "engines": {
        "node": ">=0.10.0"
      }
    },
    "node_modules/react-clock": {
      "version": "6.0.0",
      "resolved": "https://registry.npmjs.org/react-clock/-/react-clock-6.0.0.tgz",
      "integrity": "sha512-qYYrCT9HwDmj5Y2jFGPLc0ktQAZnm+1h2e429/8KBic69PuP1Cp2u0U8k5m3G8A09cOmikQFQitnX6STeGmTpA==",
      "license": "MIT",
      "dependencies": {
        "@wojtekmaj/date-utils": "^2.0.2",
        "clsx": "^2.0.0",
        "get-user-locale": "^3.0.0"
      },
      "funding": {
        "url": "https://github.com/wojtekmaj/react-clock?sponsor=1"
      },
      "peerDependencies": {
        "@types/react": "^16.8.0 || ^17.0.0 || ^18.0.0 || ^19.0.0",
        "react": "^16.8.0 || ^17.0.0 || ^18.0.0 || ^19.0.0",
        "react-dom": "^16.8.0 || ^17.0.0 || ^18.0.0 || ^19.0.0"
      },
      "peerDependenciesMeta": {
        "@types/react": {
          "optional": true
        }
      }
    },
    "node_modules/react-datepicker": {
      "version": "8.7.0",
      "resolved": "https://registry.npmjs.org/react-datepicker/-/react-datepicker-8.7.0.tgz",
      "integrity": "sha512-r5OJbiLWc3YiVNy69Kau07/aVgVGsFVMA6+nlqCV7vyQ8q0FUOnJ+wAI4CgVxHejG3i5djAEiebrF8/Eip4rIw==",
      "license": "MIT",
      "dependencies": {
        "@floating-ui/react": "^0.27.15",
        "clsx": "^2.1.1",
        "date-fns": "^4.1.0"
      },
      "peerDependencies": {
        "react": "^16.9.0 || ^17 || ^18 || ^19 || ^19.0.0-rc",
        "react-dom": "^16.9.0 || ^17 || ^18 || ^19 || ^19.0.0-rc"
      }
    },
    "node_modules/react-dom": {
      "version": "19.2.0",
      "resolved": "https://registry.npmjs.org/react-dom/-/react-dom-19.2.0.tgz",
      "integrity": "sha512-UlbRu4cAiGaIewkPyiRGJk0imDN2T3JjieT6spoL2UeSf5od4n5LB/mQ4ejmxhCFT1tYe8IvaFulzynWovsEFQ==",
      "license": "MIT",
      "peer": true,
      "dependencies": {
        "scheduler": "^0.27.0"
      },
      "peerDependencies": {
        "react": "^19.2.0"
      }
    },
    "node_modules/react-fit": {
      "version": "3.0.0",
      "resolved": "https://registry.npmjs.org/react-fit/-/react-fit-3.0.0.tgz",
      "integrity": "sha512-3jrm0k4TZS7n6fZXgCu5k8ARx5w+YbrzpcFMop/iScOjnA22xQVjrVOOJD8YyqRM1j0focbRBrBEJXyydzF/Iw==",
      "license": "MIT",
      "dependencies": {
        "detect-element-overflow": "^2.0.0",
        "warning": "^4.0.0"
      },
      "funding": {
        "url": "https://github.com/wojtekmaj/react-fit?sponsor=1"
      },
      "peerDependencies": {
        "@types/react": "^16.8.0 || ^17.0.0 || ^18.0.0 || ^19.0.0",
        "react": "^16.8.0 || ^17.0.0 || ^18.0.0 || ^19.0.0",
        "react-dom": "^16.8.0 || ^17.0.0 || ^18.0.0 || ^19.0.0"
      },
      "peerDependenciesMeta": {
        "@types/react": {
          "optional": true
        }
      }
    },
    "node_modules/react-time-picker": {
      "version": "8.0.2",
      "resolved": "https://registry.npmjs.org/react-time-picker/-/react-time-picker-8.0.2.tgz",
      "integrity": "sha512-qT0MDiPy9rFM60QrNNfZ5F9nwDBW1E9DrBtslpM46UPP/RReaWDJrGlvHVH6CjtWHUeJi5sLk1vB+dzLS8ZvnA==",
      "license": "MIT",
      "dependencies": {
        "@wojtekmaj/date-utils": "^2.0.2",
        "clsx": "^2.0.0",
        "get-user-locale": "^3.0.0",
        "make-event-props": "^2.0.0",
        "react-clock": "^6.0.0",
        "react-fit": "^3.0.0",
        "update-input-width": "^1.4.0"
      },
      "funding": {
        "url": "https://github.com/wojtekmaj/react-time-picker?sponsor=1"
      },
      "peerDependencies": {
        "@types/react": "^16.8.0 || ^17.0.0 || ^18.0.0 || ^19.0.0",
        "react": "^16.8.0 || ^17.0.0 || ^18.0.0 || ^19.0.0",
        "react-dom": "^16.8.0 || ^17.0.0 || ^18.0.0 || ^19.0.0"
      },
      "peerDependenciesMeta": {
        "@types/react": {
          "optional": true
        }
      }
    },
    "node_modules/scheduler": {
      "version": "0.27.0",
      "resolved": "https://registry.npmjs.org/scheduler/-/scheduler-0.27.0.tgz",
      "integrity": "sha512-eNv+WrVbKu1f3vbYJT/xtiF5syA5HPIMtf9IgY/nKg0sWqzAUEvqY/xm7OcZc/qafLx/iO9FgOmeSAp4v5ti/Q==",
      "license": "MIT",
      "peer": true
    },
    "node_modules/tabbable": {
      "version": "6.2.0",
      "resolved": "https://registry.npmjs.org/tabbable/-/tabbable-6.2.0.tgz",
      "integrity": "sha512-Cat63mxsVJlzYvN51JmVXIgNoUokrIaT2zLclCXjRd8boZ0004U4KCs/sToJ75C6sdlByWxpYnb5Boif1VSFew==",
      "license": "MIT"
    },
    "node_modules/update-input-width": {
      "version": "1.4.2",
      "resolved": "https://registry.npmjs.org/update-input-width/-/update-input-width-1.4.2.tgz",
      "integrity": "sha512-/p0XLhrQQQ4bMWD7bL9duYObwYCO1qGr8R19xcMmoMSmXuQ7/1//veUnCObQ7/iW6E2pGS6rFkS4TfH4ur7e/g==",
      "license": "MIT",
      "funding": {
        "url": "https://github.com/wojtekmaj/update-input-width?sponsor=1"
      }
    },
    "node_modules/warning": {
      "version": "4.0.3",
      "resolved": "https://registry.npmjs.org/warning/-/warning-4.0.3.tgz",
      "integrity": "sha512-rpJyN222KWIvHJ/F53XSZv0Zl/accqHR8et1kpaMTD/fLCRxtV8iX8czMzY7sVZupTI3zcUTg8eycS2kNF9l6w==",
      "license": "MIT",
      "dependencies": {
        "loose-envify": "^1.0.0"
      }
    }
  }
}
